
Microsoft Visual Studio Solution File, Format Version 12.00
# Visual Studio 15
VisualStudioVersion = 15.0.27703.2000
MinimumVisualStudioVersion = 10.0.40219.1
Project("{FAE04EC0-301F-11D3-BF4B-00C04F79EFBC}") = "Lesson5Bank", "Lesson5Bank.csproj", "{BE729E64-EB1D-4CBD-9284-1A3B55B93DE5}"
EndProject
Project("{FAE04EC0-301F-11D3-BF4B-00C04F79EFBC}") = "BankModel", "BankModel\BankModel.csproj", "{299E0E7E-C819-4308-AC65-E189475750D7}"
EndProject
Project("{FAE04EC0-301F-11D3-BF4B-00C04F79EFBC}") = "BankDbTest", "BankDbTest\BankDbTest.csproj", "{819890DA-D383-416F-8270-C1081ACABECF}"
EndProject
Global
	GlobalSection(SolutionConfigurationPlatforms) = preSolution
		Debug|Any CPU = Debug|Any CPU
		Release|Any CPU = Release|Any CPU
	EndGlobalSection
	GlobalSection(ProjectConfigurationPlatforms) = postSolution
		{BE729E64-EB1D-4CBD-9284-1A3B55B93DE5}.Debug|Any CPU.ActiveCfg = Debug|Any CPU
		{BE729E64-EB1D-4CBD-9284-1A3B55B93DE5}.Debug|Any CPU.Build.0 = Debug|Any CPU
		{BE729E64-EB1D-4CBD-9284-1A3B55B93DE5}.Release|Any CPU.ActiveCfg = Release|Any CPU
		{BE729E64-EB1D-4CBD-9284-1A3B55B93DE5}.Release|Any CPU.Build.0 = Release|Any CPU
		{299E0E7E-C819-4308-AC65-E189475750D7}.Debug|Any CPU.ActiveCfg = Debug|Any CPU
		{299E0E7E-C819-4308-AC65-E189475750D7}.Debug|Any CPU.Build.0 = Debug|Any CPU
		{299E0E7E-C819-4308-AC65-E189475750D7}.Release|Any CPU.ActiveCfg = Release|Any CPU
		{299E0E7E-C819-4308-AC65-E189475750D7}.Release|Any CPU.Build.0 = Release|Any CPU
		{819890DA-D383-416F-8270-C1081ACABECF}.Debug|Any CPU.ActiveCfg = Debug|Any CPU
		{819890DA-D383-416F-8270-C1081ACABECF}.Debug|Any CPU.Build.0 = Debug|Any CPU
		{819890DA-D383-416F-8270-C1081ACABECF}.Release|Any CPU.ActiveCfg = Release|Any CPU
		{819890DA-D383-416F-8270-C1081ACABECF}.Release|Any CPU.Build.0 = Release|Any CPU
	EndGlobalSection
	GlobalSection(SolutionProperties) = preSolution
		HideSolutionNode = FALSE
	EndGlobalSection
	GlobalSection(ExtensibilityGlobals) = postSolution
		SolutionGuid = {B3EA541A-02C2-4FFC-8087-FA4A747584EA}
	EndGlobalSection
EndGlobal
